
Microsoft Visual Studio Solution File, Format Version 12.00
# Visual Studio Version 17
VisualStudioVersion = 17.11.35222.181
MinimumVisualStudioVersion = 10.0.40219.1
Project("{FAE04EC0-301F-11D3-BF4B-00C04F79EFBC}") = "good or bad", "good or bad.csproj", "{380F9D92-1C78-4583-A29B-26F2799F77E6}"
EndProject
Global
	GlobalSection(SolutionConfigurationPlatforms) = preSolution
		Debug|Any CPU = Debug|Any CPU
		Release|Any CPU = Release|Any CPU
	EndGlobalSection
	GlobalSection(ProjectConfigurationPlatforms) = postSolution
		{380F9D92-1C78-4583-A29B-26F2799F77E6}.Debug|Any CPU.ActiveCfg = Debug|Any CPU
		{380F9D92-1C78-4583-A29B-26F2799F77E6}.Debug|Any CPU.Build.0 = Debug|Any CPU
		{380F9D92-1C78-4583-A29B-26F2799F77E6}.Release|Any CPU.ActiveCfg = Release|Any CPU
		{380F9D92-1C78-4583-A29B-26F2799F77E6}.Release|Any CPU.Build.0 = Release|Any CPU
	EndGlobalSection
	GlobalSection(SolutionProperties) = preSolution
		HideSolutionNode = FALSE
	EndGlobalSection
	GlobalSection(ExtensibilityGlobals) = postSolution
		SolutionGuid = {CF19D66B-6150-49C6-965D-9515B9E84FF5}
	EndGlobalSection
EndGlobal
